
Microsoft Visual Studio Solution File, Format Version 12.00
# Visual Studio Version 17
VisualStudioVersion = 17.0.31903.59
MinimumVisualStudioVersion = 10.0.40219.1
Project("{2150E333-8FDC-42A3-9474-1A3956D46DE8}") = "src", "src", "{827E0CD3-B72D-47B6-A68D-7590B98EB39B}"
EndProject
Project("{FAE04EC0-301F-11D3-BF4B-00C04F79EFBC}") = "CadProjector.Geometry", "src\CadProjector.Geometry\CadProjector.Geometry.csproj", "{0BA5CE62-4685-4495-B025-D998CA01B283}"
EndProject
Project("{FAE04EC0-301F-11D3-BF4B-00C04F79EFBC}") = "CadProjector.Core", "src\CadProjector.Core\CadProjector.Core.csproj", "{8802EA1E-3212-41A0-BF7C-1372CC76CFA3}"
EndProject
Project("{FAE04EC0-301F-11D3-BF4B-00C04F79EFBC}") = "CadProjector.FileFormats", "src\CadProjector.FileFormats\CadProjector.FileFormats.csproj", "{24950C79-373A-49C5-A4A7-06C1C51CC483}"
EndProject
Project("{FAE04EC0-301F-11D3-BF4B-00C04F79EFBC}") = "CadProjector.Rendering", "src\CadProjector.Rendering\CadProjector.Rendering.csproj", "{DEF1DAE6-2A8A-4D47-830E-1039A601B324}"
EndProject
Project("{FAE04EC0-301F-11D3-BF4B-00C04F79EFBC}") = "CadProjector.Ilda", "src\CadProjector.Ilda\CadProjector.Ilda.csproj", "{496D9D96-852A-4C8E-8687-9A6F1A68758B}"
EndProject
Project("{FAE04EC0-301F-11D3-BF4B-00C04F79EFBC}") = "CadProjector.Devices", "src\CadProjector.Devices\CadProjector.Devices.csproj", "{A2F8DB63-6451-40B1-8582-DB3516FE05F0}"
EndProject
Project("{FAE04EC0-301F-11D3-BF4B-00C04F79EFBC}") = "VLTLaserController.net", "..\VLTLaserController.net\src\VLTLaserController.net.csproj", "{892CE646-3631-4F26-B808-E3CD389245CE}"
EndProject
Project("{FAE04EC0-301F-11D3-BF4B-00C04F79EFBC}") = "CadProjector.Automation", "src\CadProjector.Automation\CadProjector.Automation.csproj", "{4D9006EF-F842-4A87-B7F7-348FB33C03A5}"
EndProject
Project("{FAE04EC0-301F-11D3-BF4B-00C04F79EFBC}") = "CadProjector.App", "src\CadProjector.App\CadProjector.App.csproj", "{E6D5F6CC-B967-4CA2-9120-357A58694534}"
EndProject
Project("{2150E333-8FDC-42A3-9474-1A3956D46DE8}") = "tests", "tests", "{0AB3BF05-4346-4AA6-1389-037BE0695223}"
EndProject
Project("{FAE04EC0-301F-11D3-BF4B-00C04F79EFBC}") = "CadProjector.Tests", "tests\CadProjector.Tests\CadProjector.Tests.csproj", "{41DD85E9-0C97-4C58-9FE4-7E188A746D30}"
EndProject
Global
	GlobalSection(SolutionConfigurationPlatforms) = preSolution
		Debug|Any CPU = Debug|Any CPU
		Debug|x64 = Debug|x64
		Debug|x86 = Debug|x86
		Release|Any CPU = Release|Any CPU
		Release|x64 = Release|x64
		Release|x86 = Release|x86
	EndGlobalSection
	GlobalSection(ProjectConfigurationPlatforms) = postSolution
		{0BA5CE62-4685-4495-B025-D998CA01B283}.Debug|Any CPU.ActiveCfg = Debug|Any CPU
		{0BA5CE62-4685-4495-B025-D998CA01B283}.Debug|Any CPU.Build.0 = Debug|Any CPU
		{0BA5CE62-4685-4495-B025-D998CA01B283}.Debug|x64.ActiveCfg = Debug|x64
		{0BA5CE62-4685-4495-B025-D998CA01B283}.Debug|x64.Build.0 = Debug|x64
		{0BA5CE62-4685-4495-B025-D998CA01B283}.Debug|x86.ActiveCfg = Debug|x86
		{0BA5CE62-4685-4495-B025-D998CA01B283}.Debug|x86.Build.0 = Debug|x86
		{0BA5CE62-4685-4495-B025-D998CA01B283}.Release|Any CPU.ActiveCfg = Release|Any CPU
		{0BA5CE62-4685-4495-B025-D998CA01B283}.Release|Any CPU.Build.0 = Release|Any CPU
		{0BA5CE62-4685-4495-B025-D998CA01B283}.Release|x64.ActiveCfg = Release|x64
		{0BA5CE62-4685-4495-B025-D998CA01B283}.Release|x64.Build.0 = Release|x64
		{0BA5CE62-4685-4495-B025-D998CA01B283}.Release|x86.ActiveCfg = Release|x86
		{0BA5CE62-4685-4495-B025-D998CA01B283}.Release|x86.Build.0 = Release|x86
		{8802EA1E-3212-41A0-BF7C-1372CC76CFA3}.Debug|Any CPU.ActiveCfg = Debug|Any CPU
		{8802EA1E-3212-41A0-BF7C-1372CC76CFA3}.Debug|Any CPU.Build.0 = Debug|Any CPU
		{8802EA1E-3212-41A0-BF7C-1372CC76CFA3}.Debug|x64.ActiveCfg = Debug|x64
		{8802EA1E-3212-41A0-BF7C-1372CC76CFA3}.Debug|x64.Build.0 = Debug|x64
		{8802EA1E-3212-41A0-BF7C-1372CC76CFA3}.Debug|x86.ActiveCfg = Debug|x86
		{8802EA1E-3212-41A0-BF7C-1372CC76CFA3}.Debug|x86.Build.0 = Debug|x86
		{8802EA1E-3212-41A0-BF7C-1372CC76CFA3}.Release|Any CPU.ActiveCfg = Release|Any CPU
		{8802EA1E-3212-41A0-BF7C-1372CC76CFA3}.Release|Any CPU.Build.0 = Release|Any CPU
		{8802EA1E-3212-41A0-BF7C-1372CC76CFA3}.Release|x64.ActiveCfg = Release|x64
		{8802EA1E-3212-41A0-BF7C-1372CC76CFA3}.Release|x64.Build.0 = Release|x64
		{8802EA1E-3212-41A0-BF7C-1372CC76CFA3}.Release|x86.ActiveCfg = Release|x86
		{8802EA1E-3212-41A0-BF7C-1372CC76CFA3}.Release|x86.Build.0 = Release|x86
		{24950C79-373A-49C5-A4A7-06C1C51CC483}.Debug|Any CPU.ActiveCfg = Debug|Any CPU
		{24950C79-373A-49C5-A4A7-06C1C51CC483}.Debug|Any CPU.Build.0 = Debug|Any CPU
		{24950C79-373A-49C5-A4A7-06C1C51CC483}.Debug|x64.ActiveCfg = Debug|x64
		{24950C79-373A-49C5-A4A7-06C1C51CC483}.Debug|x64.Build.0 = Debug|x64
		{24950C79-373A-49C5-A4A7-06C1C51CC483}.Debug|x86.ActiveCfg = Debug|x86
		{24950C79-373A-49C5-A4A7-06C1C51CC483}.Debug|x86.Build.0 = Debug|x86
		{24950C79-373A-49C5-A4A7-06C1C51CC483}.Release|Any CPU.ActiveCfg = Release|Any CPU
		{24950C79-373A-49C5-A4A7-06C1C51CC483}.Release|Any CPU.Build.0 = Release|Any CPU
		{24950C79-373A-49C5-A4A7-06C1C51CC483}.Release|x64.ActiveCfg = Release|x64
		{24950C79-373A-49C5-A4A7-06C1C51CC483}.Release|x64.Build.0 = Release|x64
		{24950C79-373A-49C5-A4A7-06C1C51CC483}.Release|x86.ActiveCfg = Release|x86
		{24950C79-373A-49C5-A4A7-06C1C51CC483}.Release|x86.Build.0 = Release|x86
		{DEF1DAE6-2A8A-4D47-830E-1039A601B324}.Debug|Any CPU.ActiveCfg = Debug|Any CPU
		{DEF1DAE6-2A8A-4D47-830E-1039A601B324}.Debug|Any CPU.Build.0 = Debug|Any CPU
		{DEF1DAE6-2A8A-4D47-830E-1039A601B324}.Debug|x64.ActiveCfg = Debug|x64
		{DEF1DAE6-2A8A-4D47-830E-1039A601B324}.Debug|x64.Build.0 = Debug|x64
		{DEF1DAE6-2A8A-4D47-830E-1039A601B324}.Debug|x86.ActiveCfg = Debug|x86
		{DEF1DAE6-2A8A-4D47-830E-1039A601B324}.Debug|x86.Build.0 = Debug|x86
		{DEF1DAE6-2A8A-4D47-830E-1039A601B324}.Release|Any CPU.ActiveCfg = Release|Any CPU
		{DEF1DAE6-2A8A-4D47-830E-1039A601B324}.Release|Any CPU.Build.0 = Release|Any CPU
		{DEF1DAE6-2A8A-4D47-830E-1039A601B324}.Release|x64.ActiveCfg = Release|x64
		{DEF1DAE6-2A8A-4D47-830E-1039A601B324}.Release|x64.Build.0 = Release|x64
		{DEF1DAE6-2A8A-4D47-830E-1039A601B324}.Release|x86.ActiveCfg = Release|x86
		{DEF1DAE6-2A8A-4D47-830E-1039A601B324}.Release|x86.Build.0 = Release|x86
		{496D9D96-852A-4C8E-8687-9A6F1A68758B}.Debug|Any CPU.ActiveCfg = Debug|Any CPU
		{496D9D96-852A-4C8E-8687-9A6F1A68758B}.Debug|Any CPU.Build.0 = Debug|Any CPU
		{496D9D96-852A-4C8E-8687-9A6F1A68758B}.Debug|x64.ActiveCfg = Debug|x64
		{496D9D96-852A-4C8E-8687-9A6F1A68758B}.Debug|x64.Build.0 = Debug|x64
		{496D9D96-852A-4C8E-8687-9A6F1A68758B}.Debug|x86.ActiveCfg = Debug|x86
		{496D9D96-852A-4C8E-8687-9A6F1A68758B}.Debug|x86.Build.0 = Debug|x86
		{496D9D96-852A-4C8E-8687-9A6F1A68758B}.Release|Any CPU.ActiveCfg = Release|Any CPU
		{496D9D96-852A-4C8E-8687-9A6F1A68758B}.Release|Any CPU.Build.0 = Release|Any CPU
		{496D9D96-852A-4C8E-8687-9A6F1A68758B}.Release|x64.ActiveCfg = Release|x64
		{496D9D96-852A-4C8E-8687-9A6F1A68758B}.Release|x64.Build.0 = Release|x64
		{496D9D96-852A-4C8E-8687-9A6F1A68758B}.Release|x86.ActiveCfg = Release|x86
		{496D9D96-852A-4C8E-8687-9A6F1A68758B}.Release|x86.Build.0 = Release|x86
		{A2F8DB63-6451-40B1-8582-DB3516FE05F0}.Debug|Any CPU.ActiveCfg = Debug|Any CPU
		{A2F8DB63-6451-40B1-8582-DB3516FE05F0}.Debug|Any CPU.Build.0 = Debug|Any CPU
		{A2F8DB63-6451-40B1-8582-DB3516FE05F0}.Debug|x64.ActiveCfg = Debug|x64
		{A2F8DB63-6451-40B1-8582-DB3516FE05F0}.Debug|x64.Build.0 = Debug|x64
		{A2F8DB63-6451-40B1-8582-DB3516FE05F0}.Debug|x86.ActiveCfg = Debug|x86
		{A2F8DB63-6451-40B1-8582-DB3516FE05F0}.Debug|x86.Build.0 = Debug|x86
		{A2F8DB63-6451-40B1-8582-DB3516FE05F0}.Release|Any CPU.ActiveCfg = Release|Any CPU
		{A2F8DB63-6451-40B1-8582-DB3516FE05F0}.Release|Any CPU.Build.0 = Release|Any CPU
		{A2F8DB63-6451-40B1-8582-DB3516FE05F0}.Release|x64.ActiveCfg = Release|x64
		{A2F8DB63-6451-40B1-8582-DB3516FE05F0}.Release|x64.Build.0 = Release|x64
		{A2F8DB63-6451-40B1-8582-DB3516FE05F0}.Release|x86.ActiveCfg = Release|x86
		{A2F8DB63-6451-40B1-8582-DB3516FE05F0}.Release|x86.Build.0 = Release|x86
		{892CE646-3631-4F26-B808-E3CD389245CE}.Debug|Any CPU.ActiveCfg = Debug|Any CPU
		{892CE646-3631-4F26-B808-E3CD389245CE}.Debug|Any CPU.Build.0 = Debug|Any CPU
		{892CE646-3631-4F26-B808-E3CD389245CE}.Debug|x64.ActiveCfg = Debug|Any CPU
		{892CE646-3631-4F26-B808-E3CD389245CE}.Debug|x64.Build.0 = Debug|Any CPU
		{892CE646-3631-4F26-B808-E3CD389245CE}.Debug|x86.ActiveCfg = Debug|Any CPU
		{892CE646-3631-4F26-B808-E3CD389245CE}.Debug|x86.Build.0 = Debug|Any CPU
		{892CE646-3631-4F26-B808-E3CD389245CE}.Release|Any CPU.ActiveCfg = Release|Any CPU
		{892CE646-3631-4F26-B808-E3CD389245CE}.Release|Any CPU.Build.0 = Release|Any CPU
		{892CE646-3631-4F26-B808-E3CD389245CE}.Release|x64.ActiveCfg = Release|Any CPU
		{892CE646-3631-4F26-B808-E3CD389245CE}.Release|x64.Build.0 = Release|Any CPU
		{892CE646-3631-4F26-B808-E3CD389245CE}.Release|x86.ActiveCfg = Release|Any CPU
		{892CE646-3631-4F26-B808-E3CD389245CE}.Release|x86.Build.0 = Release|Any CPU
		{4D9006EF-F842-4A87-B7F7-348FB33C03A5}.Debug|Any CPU.ActiveCfg = Debug|Any CPU
		{4D9006EF-F842-4A87-B7F7-348FB33C03A5}.Debug|Any CPU.Build.0 = Debug|Any CPU
		{4D9006EF-F842-4A87-B7F7-348FB33C03A5}.Debug|x64.ActiveCfg = Debug|x64
		{4D9006EF-F842-4A87-B7F7-348FB33C03A5}.Debug|x64.Build.0 = Debug|x64
		{4D9006EF-F842-4A87-B7F7-348FB33C03A5}.Debug|x86.ActiveCfg = Debug|x86
		{4D9006EF-F842-4A87-B7F7-348FB33C03A5}.Debug|x86.Build.0 = Debug|x86
		{4D9006EF-F842-4A87-B7F7-348FB33C03A5}.Release|Any CPU.ActiveCfg = Release|Any CPU
		{4D9006EF-F842-4A87-B7F7-348FB33C03A5}.Release|Any CPU.Build.0 = Release|Any CPU
		{4D9006EF-F842-4A87-B7F7-348FB33C03A5}.Release|x64.ActiveCfg = Release|x64
		{4D9006EF-F842-4A87-B7F7-348FB33C03A5}.Release|x64.Build.0 = Release|x64
		{4D9006EF-F842-4A87-B7F7-348FB33C03A5}.Release|x86.ActiveCfg = Release|x86
		{4D9006EF-F842-4A87-B7F7-348FB33C03A5}.Release|x86.Build.0 = Release|x86
		{E6D5F6CC-B967-4CA2-9120-357A58694534}.Debug|Any CPU.ActiveCfg = Debug|Any CPU
		{E6D5F6CC-B967-4CA2-9120-357A58694534}.Debug|Any CPU.Build.0 = Debug|Any CPU
		{E6D5F6CC-B967-4CA2-9120-357A58694534}.Debug|x64.ActiveCfg = Debug|x64
		{E6D5F6CC-B967-4CA2-9120-357A58694534}.Debug|x64.Build.0 = Debug|x64
		{E6D5F6CC-B967-4CA2-9120-357A58694534}.Debug|x86.ActiveCfg = Debug|x86
		{E6D5F6CC-B967-4CA2-9120-357A58694534}.Debug|x86.Build.0 = Debug|x86
		{E6D5F6CC-B967-4CA2-9120-357A58694534}.Release|Any CPU.ActiveCfg = Release|Any CPU
		{E6D5F6CC-B967-4CA2-9120-357A58694534}.Release|Any CPU.Build.0 = Release|Any CPU
		{E6D5F6CC-B967-4CA2-9120-357A58694534}.Release|x64.ActiveCfg = Release|x64
		{E6D5F6CC-B967-4CA2-9120-357A58694534}.Release|x64.Build.0 = Release|x64
		{E6D5F6CC-B967-4CA2-9120-357A58694534}.Release|x86.ActiveCfg = Release|x86
		{E6D5F6CC-B967-4CA2-9120-357A58694534}.Release|x86.Build.0 = Release|x86
		{41DD85E9-0C97-4C58-9FE4-7E188A746D30}.Debug|Any CPU.ActiveCfg = Debug|Any CPU
		{41DD85E9-0C97-4C58-9FE4-7E188A746D30}.Debug|Any CPU.Build.0 = Debug|Any CPU
		{41DD85E9-0C97-4C58-9FE4-7E188A746D30}.Debug|x64.ActiveCfg = Debug|x64
		{41DD85E9-0C97-4C58-9FE4-7E188A746D30}.Debug|x64.Build.0 = Debug|x64
		{41DD85E9-0C97-4C58-9FE4-7E188A746D30}.Debug|x86.ActiveCfg = Debug|x86
		{41DD85E9-0C97-4C58-9FE4-7E188A746D30}.Debug|x86.Build.0 = Debug|x86
		{41DD85E9-0C97-4C58-9FE4-7E188A746D30}.Release|Any CPU.ActiveCfg = Release|Any CPU
		{41DD85E9-0C97-4C58-9FE4-7E188A746D30}.Release|Any CPU.Build.0 = Release|Any CPU
		{41DD85E9-0C97-4C58-9FE4-7E188A746D30}.Release|x64.ActiveCfg = Release|x64
		{41DD85E9-0C97-4C58-9FE4-7E188A746D30}.Release|x64.Build.0 = Release|x64
		{41DD85E9-0C97-4C58-9FE4-7E188A746D30}.Release|x86.ActiveCfg = Release|x86
		{41DD85E9-0C97-4C58-9FE4-7E188A746D30}.Release|x86.Build.0 = Release|x86
	EndGlobalSection
	GlobalSection(SolutionProperties) = preSolution
		HideSolutionNode = FALSE
	EndGlobalSection
	GlobalSection(NestedProjects) = preSolution
		{0BA5CE62-4685-4495-B025-D998CA01B283} = {827E0CD3-B72D-47B6-A68D-7590B98EB39B}
		{8802EA1E-3212-41A0-BF7C-1372CC76CFA3} = {827E0CD3-B72D-47B6-A68D-7590B98EB39B}
		{24950C79-373A-49C5-A4A7-06C1C51CC483} = {827E0CD3-B72D-47B6-A68D-7590B98EB39B}
		{DEF1DAE6-2A8A-4D47-830E-1039A601B324} = {827E0CD3-B72D-47B6-A68D-7590B98EB39B}
		{496D9D96-852A-4C8E-8687-9A6F1A68758B} = {827E0CD3-B72D-47B6-A68D-7590B98EB39B}
		{A2F8DB63-6451-40B1-8582-DB3516FE05F0} = {827E0CD3-B72D-47B6-A68D-7590B98EB39B}
		{4D9006EF-F842-4A87-B7F7-348FB33C03A5} = {827E0CD3-B72D-47B6-A68D-7590B98EB39B}
		{E6D5F6CC-B967-4CA2-9120-357A58694534} = {827E0CD3-B72D-47B6-A68D-7590B98EB39B}
		{41DD85E9-0C97-4C58-9FE4-7E188A746D30} = {0AB3BF05-4346-4AA6-1389-037BE0695223}
	EndGlobalSection
EndGlobal
