
Microsoft Visual Studio Solution File, Format Version 12.00
# Visual Studio Version 17
VisualStudioVersion = 17.2.32602.215
MinimumVisualStudioVersion = 10.0.40219.1
Project("{FAE04EC0-301F-11D3-BF4B-00C04F79EFBC}") = "CadProjectorViewer", "MonchaCadViewer\CadProjectorViewer.csproj", "{CC54CC3C-EF08-49D2-B5F6-50CB3E585185}"
	ProjectSection(ProjectDependencies) = postProject
		{5A574092-3854-4F62-BFC4-A1336C16B564} = {5A574092-3854-4F62-BFC4-A1336C16B564}
		{9032F8BA-4F50-4A00-B79C-D6058584FCCC} = {9032F8BA-4F50-4A00-B79C-D6058584FCCC}
	EndProjectSection
EndProject
Project("{FAE04EC0-301F-11D3-BF4B-00C04F79EFBC}") = "CadProjectorSDK", "..\MonchaSDK\MonchaSDK\CadProjectorSDK.csproj", "{9032F8BA-4F50-4A00-B79C-D6058584FCCC}"
EndProject
Project("{FAE04EC0-301F-11D3-BF4B-00C04F79EFBC}") = "GeometryConverter", "..\ToGeometryConverter\GeometryConverter.csproj", "{5A574092-3854-4F62-BFC4-A1336C16B564}"
EndProject
Project("{2150E333-8FDC-42A3-9474-1A3956D46DE8}") = "Solution Items", "Solution Items", "{EB1A2D1D-FFA9-4AF0-B47C-3148C3B8EB6F}"
	ProjectSection(SolutionItems) = preProject
		.editorconfig = .editorconfig
	EndProjectSection
EndProject
Project("{2150E333-8FDC-42A3-9474-1A3956D46DE8}") = "src", "src", "{EB901549-C11B-49D1-A223-C777D7587A15}"
EndProject
Project("{2150E333-8FDC-42A3-9474-1A3956D46DE8}") = "tests", "tests", "{3254F824-9B20-4A48-A935-FBBED828F9B4}"
EndProject
Project("{2150E333-8FDC-42A3-9474-1A3956D46DE8}") = "formats", "formats", "{27221DB1-C81F-4A92-9CA6-0436BD15CD7D}"
EndProject
Project("{9A19103F-16F7-4668-BE54-9A1E7A4F7556}") = "LaserProjectionFormat", "..\LaserProjectionFormat\LaserProjectionFormat.csproj", "{759B770D-10EC-464D-96C2-9CE40E7B9283}"
EndProject
Project("{FAE04EC0-301F-11D3-BF4B-00C04F79EFBC}") = "VLTLaserController.net", "..\VLTLaserController.net\src\VLTLaserController.net.csproj", "{E02630A9-2DF7-47CD-8F42-CFE4514BDB00}"
EndProject
Project("{FAE04EC0-301F-11D3-BF4B-00C04F79EFBC}") = "Configuration", "Configuration\Configuration.csproj", "{95BAC68A-02CC-4F57-AD79-BB6A372B7BCE}"
EndProject
Project("{FAE04EC0-301F-11D3-BF4B-00C04F79EFBC}") = "ToCutRender", "..\ToCutRender\src\ToCutRender.csproj", "{0A6FC93A-868D-7894-CB7C-5DE78B14C517}"
EndProject
Project("{FAE04EC0-301F-11D3-BF4B-00C04F79EFBC}") = "CutRenderTests", "..\ToCutRender\test\CutRenderTests\CutRenderTests.csproj", "{53ACF236-0550-4F0F-B3A6-4C9540BE09F4}"
EndProject
Project("{FAE04EC0-301F-11D3-BF4B-00C04F79EFBC}") = "CadProjector.Core", "CadProjector.Core\CadProjector.Core.csproj", "{7CFB5655-7965-4B27-B0E2-CF471A41F5D6}"
EndProject
Project("{FAE04EC0-301F-11D3-BF4B-00C04F79EFBC}") = "CadProjector.Rendering", "CadProjector.Rendering\CadProjector.Rendering.csproj", "{010B8794-5A95-45B9-90F3-C1E398A2C6EF}"
EndProject
Project("{FAE04EC0-301F-11D3-BF4B-00C04F79EFBC}") = "CadProjector.Devices", "CadProjector.Devices\CadProjector.Devices.csproj", "{168263BB-D329-49F8-9339-5B299AA53224}"
EndProject
Project("{FAE04EC0-301F-11D3-BF4B-00C04F79EFBC}") = "CadProjector.Configurations", "CadProjector.Configurations\CadProjector.Configurations.csproj", "{3622E132-69EA-49D2-9871-A0FB965C70DB}"
EndProject
Project("{FAE04EC0-301F-11D3-BF4B-00C04F79EFBC}") = "CadProjector.WPF", "CadProjector.WPF\CadProjector.WPF.csproj", "{EFF434F7-48C2-4395-9F1D-DF1D5A34CC13}"
EndProject
Project("{FAE04EC0-301F-11D3-BF4B-00C04F79EFBC}") = "CadProjector.FileFormats", "CadProjector.FileFormats\CadProjector.FileFormats.csproj", "{048A3FE8-6203-4F64-AD7D-E64529B2D77C}"
EndProject
Global
	GlobalSection(SolutionConfigurationPlatforms) = preSolution
		Debug|Any CPU = Debug|Any CPU
		Release|Any CPU = Release|Any CPU
	EndGlobalSection
	GlobalSection(ProjectConfigurationPlatforms) = postSolution
		{CC54CC3C-EF08-49D2-B5F6-50CB3E585185}.Debug|Any CPU.ActiveCfg = Debug|Any CPU
		{CC54CC3C-EF08-49D2-B5F6-50CB3E585185}.Debug|Any CPU.Build.0 = Debug|Any CPU
		{CC54CC3C-EF08-49D2-B5F6-50CB3E585185}.Release|Any CPU.ActiveCfg = Release|Any CPU
		{CC54CC3C-EF08-49D2-B5F6-50CB3E585185}.Release|Any CPU.Build.0 = Release|Any CPU
		{9032F8BA-4F50-4A00-B79C-D6058584FCCC}.Debug|Any CPU.ActiveCfg = Debug|Any CPU
		{9032F8BA-4F50-4A00-B79C-D6058584FCCC}.Debug|Any CPU.Build.0 = Debug|Any CPU
		{9032F8BA-4F50-4A00-B79C-D6058584FCCC}.Release|Any CPU.ActiveCfg = Release|Any CPU
		{9032F8BA-4F50-4A00-B79C-D6058584FCCC}.Release|Any CPU.Build.0 = Release|Any CPU
		{5A574092-3854-4F62-BFC4-A1336C16B564}.Debug|Any CPU.ActiveCfg = Debug|Any CPU
		{5A574092-3854-4F62-BFC4-A1336C16B564}.Debug|Any CPU.Build.0 = Debug|Any CPU
		{5A574092-3854-4F62-BFC4-A1336C16B564}.Release|Any CPU.ActiveCfg = Release|Any CPU
		{5A574092-3854-4F62-BFC4-A1336C16B564}.Release|Any CPU.Build.0 = Release|Any CPU
		{E02630A9-2DF7-47CD-8F42-CFE4514BDB00}.Debug|Any CPU.ActiveCfg = Debug|Any CPU
		{E02630A9-2DF7-47CD-8F42-CFE4514BDB00}.Debug|Any CPU.Build.0 = Debug|Any CPU
		{E02630A9-2DF7-47CD-8F42-CFE4514BDB00}.Release|Any CPU.ActiveCfg = Release|Any CPU
		{E02630A9-2DF7-47CD-8F42-CFE4514BDB00}.Release|Any CPU.Build.0 = Release|Any CPU
		{95BAC68A-02CC-4F57-AD79-BB6A372B7BCE}.Debug|Any CPU.ActiveCfg = Debug|Any CPU
		{95BAC68A-02CC-4F57-AD79-BB6A372B7BCE}.Debug|Any CPU.Build.0 = Debug|Any CPU
		{95BAC68A-02CC-4F57-AD79-BB6A372B7BCE}.Release|Any CPU.ActiveCfg = Release|Any CPU
		{95BAC68A-02CC-4F57-AD79-BB6A372B7BCE}.Release|Any CPU.Build.0 = Release|Any CPU
		{0A6FC93A-868D-7894-CB7C-5DE78B14C517}.Debug|Any CPU.ActiveCfg = Debug|Any CPU
		{0A6FC93A-868D-7894-CB7C-5DE78B14C517}.Debug|Any CPU.Build.0 = Debug|Any CPU
		{0A6FC93A-868D-7894-CB7C-5DE78B14C517}.Release|Any CPU.ActiveCfg = Release|Any CPU
		{0A6FC93A-868D-7894-CB7C-5DE78B14C517}.Release|Any CPU.Build.0 = Release|Any CPU
		{53ACF236-0550-4F0F-B3A6-4C9540BE09F4}.Debug|Any CPU.ActiveCfg = Debug|Any CPU
		{53ACF236-0550-4F0F-B3A6-4C9540BE09F4}.Debug|Any CPU.Build.0 = Debug|Any CPU
		{53ACF236-0550-4F0F-B3A6-4C9540BE09F4}.Release|Any CPU.ActiveCfg = Release|Any CPU
		{53ACF236-0550-4F0F-B3A6-4C9540BE09F4}.Release|Any CPU.Build.0 = Release|Any CPU
		{7CFB5655-7965-4B27-B0E2-CF471A41F5D6}.Debug|Any CPU.ActiveCfg = Debug|Any CPU
		{7CFB5655-7965-4B27-B0E2-CF471A41F5D6}.Debug|Any CPU.Build.0 = Debug|Any CPU
		{7CFB5655-7965-4B27-B0E2-CF471A41F5D6}.Release|Any CPU.ActiveCfg = Release|Any CPU
		{7CFB5655-7965-4B27-B0E2-CF471A41F5D6}.Release|Any CPU.Build.0 = Release|Any CPU
		{010B8794-5A95-45B9-90F3-C1E398A2C6EF}.Debug|Any CPU.ActiveCfg = Debug|Any CPU
		{010B8794-5A95-45B9-90F3-C1E398A2C6EF}.Debug|Any CPU.Build.0 = Debug|Any CPU
		{010B8794-5A95-45B9-90F3-C1E398A2C6EF}.Release|Any CPU.ActiveCfg = Release|Any CPU
		{010B8794-5A95-45B9-90F3-C1E398A2C6EF}.Release|Any CPU.Build.0 = Release|Any CPU
		{168263BB-D329-49F8-9339-5B299AA53224}.Debug|Any CPU.ActiveCfg = Debug|Any CPU
		{168263BB-D329-49F8-9339-5B299AA53224}.Debug|Any CPU.Build.0 = Debug|Any CPU
		{168263BB-D329-49F8-9339-5B299AA53224}.Release|Any CPU.ActiveCfg = Release|Any CPU
		{168263BB-D329-49F8-9339-5B299AA53224}.Release|Any CPU.Build.0 = Release|Any CPU
		{3622E132-69EA-49D2-9871-A0FB965C70DB}.Debug|Any CPU.ActiveCfg = Debug|Any CPU
		{3622E132-69EA-49D2-9871-A0FB965C70DB}.Debug|Any CPU.Build.0 = Debug|Any CPU
		{3622E132-69EA-49D2-9871-A0FB965C70DB}.Release|Any CPU.ActiveCfg = Release|Any CPU
		{3622E132-69EA-49D2-9871-A0FB965C70DB}.Release|Any CPU.Build.0 = Release|Any CPU
		{EFF434F7-48C2-4395-9F1D-DF1D5A34CC13}.Debug|Any CPU.ActiveCfg = Debug|Any CPU
		{EFF434F7-48C2-4395-9F1D-DF1D5A34CC13}.Debug|Any CPU.Build.0 = Debug|Any CPU
		{EFF434F7-48C2-4395-9F1D-DF1D5A34CC13}.Release|Any CPU.ActiveCfg = Release|Any CPU
		{EFF434F7-48C2-4395-9F1D-DF1D5A34CC13}.Release|Any CPU.Build.0 = Release|Any CPU
		{048A3FE8-6203-4F64-AD7D-E64529B2D77C}.Debug|Any CPU.ActiveCfg = Debug|Any CPU
		{048A3FE8-6203-4F64-AD7D-E64529B2D77C}.Debug|Any CPU.Build.0 = Debug|Any CPU
		{048A3FE8-6203-4F64-AD7D-E64529B2D77C}.Release|Any CPU.ActiveCfg = Release|Any CPU
		{048A3FE8-6203-4F64-AD7D-E64529B2D77C}.Release|Any CPU.Build.0 = Release|Any CPU
	EndGlobalSection
	GlobalSection(SolutionProperties) = preSolution
		HideSolutionNode = FALSE
	EndGlobalSection
	GlobalSection(NestedProjects) = preSolution
		{CC54CC3C-EF08-49D2-B5F6-50CB3E585185} = {EB901549-C11B-49D1-A223-C777D7587A15}
		{9032F8BA-4F50-4A00-B79C-D6058584FCCC} = {EB901549-C11B-49D1-A223-C777D7587A15}
		{5A574092-3854-4F62-BFC4-A1336C16B564} = {EB901549-C11B-49D1-A223-C777D7587A15}
		{759B770D-10EC-464D-96C2-9CE40E7B9283} = {27221DB1-C81F-4A92-9CA6-0436BD15CD7D}
		{E02630A9-2DF7-47CD-8F42-CFE4514BDB00} = {EB901549-C11B-49D1-A223-C777D7587A15}
		{95BAC68A-02CC-4F57-AD79-BB6A372B7BCE} = {EB901549-C11B-49D1-A223-C777D7587A15}
		{0A6FC93A-868D-7894-CB7C-5DE78B14C517} = {EB901549-C11B-49D1-A223-C777D7587A15}
		{53ACF236-0550-4F0F-B3A6-4C9540BE09F4} = {3254F824-9B20-4A48-A935-FBBED828F9B4}
		{7CFB5655-7965-4B27-B0E2-CF471A41F5D6} = {EB901549-C11B-49D1-A223-C777D7587A15}
		{010B8794-5A95-45B9-90F3-C1E398A2C6EF} = {EB901549-C11B-49D1-A223-C777D7587A15}
		{168263BB-D329-49F8-9339-5B299AA53224} = {EB901549-C11B-49D1-A223-C777D7587A15}
		{3622E132-69EA-49D2-9871-A0FB965C70DB} = {EB901549-C11B-49D1-A223-C777D7587A15}
		{EFF434F7-48C2-4395-9F1D-DF1D5A34CC13} = {EB901549-C11B-49D1-A223-C777D7587A15}
		{048A3FE8-6203-4F64-AD7D-E64529B2D77C} = {EB901549-C11B-49D1-A223-C777D7587A15}
	EndGlobalSection
	GlobalSection(ExtensibilityGlobals) = postSolution
		SolutionGuid = {8020A374-08BC-474A-829F-9A0845419AEC}
	EndGlobalSection
EndGlobal
